
Microsoft Visual Studio Solution File, Format Version 12.00
# Visual Studio Version 17
VisualStudioVersion = 17.7.34009.444
MinimumVisualStudioVersion = 10.0.40219.1
Project("{8BC9CEB8-8B4A-11D0-8D11-00A0C91BC942}") = "Travelling_Merchant", "Travelling_Merchant\Travelling_Merchant.vcxproj", "{EAD21D81-4D21-41B6-8E07-09B65C2E7EE5}"
EndProject
Global
	GlobalSection(SolutionConfigurationPlatforms) = preSolution
		Debug|x64 = Debug|x64
		Debug|x86 = Debug|x86
		Release|x64 = Release|x64
		Release|x86 = Release|x86
	EndGlobalSection
	GlobalSection(ProjectConfigurationPlatforms) = postSolution
		{EAD21D81-4D21-41B6-8E07-09B65C2E7EE5}.Debug|x64.ActiveCfg = Debug|x64
		{EAD21D81-4D21-41B6-8E07-09B65C2E7EE5}.Debug|x64.Build.0 = Debug|x64
		{EAD21D81-4D21-41B6-8E07-09B65C2E7EE5}.Debug|x86.ActiveCfg = Debug|Win32
		{EAD21D81-4D21-41B6-8E07-09B65C2E7EE5}.Debug|x86.Build.0 = Debug|Win32
		{EAD21D81-4D21-41B6-8E07-09B65C2E7EE5}.Release|x64.ActiveCfg = Release|x64
		{EAD21D81-4D21-41B6-8E07-09B65C2E7EE5}.Release|x64.Build.0 = Release|x64
		{EAD21D81-4D21-41B6-8E07-09B65C2E7EE5}.Release|x86.ActiveCfg = Release|Win32
		{EAD21D81-4D21-41B6-8E07-09B65C2E7EE5}.Release|x86.Build.0 = Release|Win32
	EndGlobalSection
	GlobalSection(SolutionProperties) = preSolution
		HideSolutionNode = FALSE
	EndGlobalSection
	GlobalSection(ExtensibilityGlobals) = postSolution
		SolutionGuid = {FD6821F6-038E-49BA-A972-3C3EB6F996C0}
	EndGlobalSection
EndGlobal
